// !$*UTF8*$!
{
	archiveVersion = 1;
	classes = {
	};
	objectVersion = 55;
	objects = {

/* Begin PBXBuildFile section */
		BB373741288D6A290061BD92 /* AppDelegate.swift in Sources */ = {isa = PBXBuildFile; fileRef = BB373740288D6A290061BD92 /* AppDelegate.swift */; };
		BB373743288D6A290061BD92 /* SceneDelegate.swift in Sources */ = {isa = PBXBuildFile; fileRef = BB373742288D6A290061BD92 /* SceneDelegate.swift */; };
		BB373745288D6A290061BD92 /* MainView.swift in Sources */ = {isa = PBXBuildFile; fileRef = BB373744288D6A290061BD92 /* MainView.swift */; };
		BB37374B288D6A290061BD92 /* Flow_test.xcdatamodeld in Sources */ = {isa = PBXBuildFile; fileRef = BB373749288D6A290061BD92 /* Flow_test.xcdatamodeld */; };
		BB37374D288D6A2A0061BD92 /* Assets.xcassets in Resources */ = {isa = PBXBuildFile; fileRef = BB37374C288D6A2A0061BD92 /* Assets.xcassets */; };
		BB373750288D6A2A0061BD92 /* LaunchScreen.storyboard in Resources */ = {isa = PBXBuildFile; fileRef = BB37374E288D6A2A0061BD92 /* LaunchScreen.storyboard */; };
		BB37375C288D82960061BD92 /* UserResponse.swift in Sources */ = {isa = PBXBuildFile; fileRef = BB37375B288D82960061BD92 /* UserResponse.swift */; };
		BB373761288DACBC0061BD92 /* UserListPage.swift in Sources */ = {isa = PBXBuildFile; fileRef = BB373760288DACBC0061BD92 /* UserListPage.swift */; };
		BB40E086288DF8DE008DA029 /* UserDisplayCell.swift in Sources */ = {isa = PBXBuildFile; fileRef = BB40E085288DF8DE008DA029 /* UserDisplayCell.swift */; };
		BB40E089288E0222008DA029 /* SDWebImage in Frameworks */ = {isa = PBXBuildFile; productRef = BB40E088288E0222008DA029 /* SDWebImage */; };
		BB836E3F288E133E00BD653F /* UserEditPage.swift in Sources */ = {isa = PBXBuildFile; fileRef = BB836E3E288E133E00BD653F /* UserEditPage.swift */; };
		BBC5C3FB289071F000E1FF29 /* PopUp.swift in Sources */ = {isa = PBXBuildFile; fileRef = BBC5C3FA289071F000E1FF29 /* PopUp.swift */; };
		BBC5C3FD2890721C00E1FF29 /* PopUp.xib in Resources */ = {isa = PBXBuildFile; fileRef = BBC5C3FC2890721C00E1FF29 /* PopUp.xib */; };
		BBD61951288E036F00677819 /* SDWebImageMapKit in Frameworks */ = {isa = PBXBuildFile; productRef = BBD61950288E036F00677819 /* SDWebImageMapKit */; };
		BBE2CDBF28909E77006B4788 /* CoreDataManager.swift in Sources */ = {isa = PBXBuildFile; fileRef = BBE2CDBE28909E77006B4788 /* CoreDataManager.swift */; };
/* End PBXBuildFile section */

/* Begin PBXFileReference section */
		BB37373D288D6A290061BD92 /* Flow test.app */ = {isa = PBXFileReference; explicitFileType = wrapper.application; includeInIndex = 0; path = "Flow test.app"; sourceTree = BUILT_PRODUCTS_DIR; };
		BB373740288D6A290061BD92 /* AppDelegate.swift */ = {isa = PBXFileReference; lastKnownFileType = sourcecode.swift; path = AppDelegate.swift; sourceTree = "<group>"; };
		BB373742288D6A290061BD92 /* SceneDelegate.swift */ = {isa = PBXFileReference; lastKnownFileType = sourcecode.swift; path = SceneDelegate.swift; sourceTree = "<group>"; };
		BB373744288D6A290061BD92 /* MainView.swift */ = {isa = PBXFileReference; lastKnownFileType = sourcecode.swift; path = MainView.swift; sourceTree = "<group>"; };
		BB37374A288D6A290061BD92 /* Flow_test.xcdatamodel */ = {isa = PBXFileReference; lastKnownFileType = wrapper.xcdatamodel; path = Flow_test.xcdatamodel; sourceTree = "<group>"; };
		BB37374C288D6A2A0061BD92 /* Assets.xcassets */ = {isa = PBXFileReference; lastKnownFileType = folder.assetcatalog; path = Assets.xcassets; sourceTree = "<group>"; };
		BB37374F288D6A2A0061BD92 /* Base */ = {isa = PBXFileReference; lastKnownFileType = file.storyboard; name = Base; path = Base.lproj/LaunchScreen.storyboard; sourceTree = "<group>"; };
		BB373751288D6A2A0061BD92 /* Info.plist */ = {isa = PBXFileReference; lastKnownFileType = text.plist.xml; path = Info.plist; sourceTree = "<group>"; };
		BB37375B288D82960061BD92 /* UserResponse.swift */ = {isa = PBXFileReference; lastKnownFileType = sourcecode.swift; path = UserResponse.swift; sourceTree = "<group>"; };
		BB373760288DACBC0061BD92 /* UserListPage.swift */ = {isa = PBXFileReference; lastKnownFileType = sourcecode.swift; path = UserListPage.swift; sourceTree = "<group>"; };
		BB40E085288DF8DE008DA029 /* UserDisplayCell.swift */ = {isa = PBXFileReference; lastKnownFileType = sourcecode.swift; path = UserDisplayCell.swift; sourceTree = "<group>"; };
		BB836E3E288E133E00BD653F /* UserEditPage.swift */ = {isa = PBXFileReference; lastKnownFileType = sourcecode.swift; path = UserEditPage.swift; sourceTree = "<group>"; };
		BBC5C3FA289071F000E1FF29 /* PopUp.swift */ = {isa = PBXFileReference; lastKnownFileType = sourcecode.swift; path = PopUp.swift; sourceTree = "<group>"; };
		BBC5C3FC2890721C00E1FF29 /* PopUp.xib */ = {isa = PBXFileReference; lastKnownFileType = file.xib; path = PopUp.xib; sourceTree = "<group>"; };
		BBE2CDBE28909E77006B4788 /* CoreDataManager.swift */ = {isa = PBXFileReference; lastKnownFileType = sourcecode.swift; path = CoreDataManager.swift; sourceTree = "<group>"; };
/* End PBXFileReference section */

/* Begin PBXFrameworksBuildPhase section */
		BB37373A288D6A290061BD92 /* Frameworks */ = {
			isa = PBXFrameworksBuildPhase;
			buildActionMask = 2147483647;
			files = (
				BBD61951288E036F00677819 /* SDWebImageMapKit in Frameworks */,
				BB40E089288E0222008DA029 /* SDWebImage in Frameworks */,
			);
			runOnlyForDeploymentPostprocessing = 0;
		};
/* End PBXFrameworksBuildPhase section */

/* Begin PBXGroup section */
		BB373734288D6A290061BD92 = {
			isa = PBXGroup;
			children = (
				BB37373F288D6A290061BD92 /* Flow test */,
				BB37373E288D6A290061BD92 /* Products */,
			);
			sourceTree = "<group>";
		};
		BB37373E288D6A290061BD92 /* Products */ = {
			isa = PBXGroup;
			children = (
				BB37373D288D6A290061BD92 /* Flow test.app */,
			);
			name = Products;
			sourceTree = "<group>";
		};
		BB37373F288D6A290061BD92 /* Flow test */ = {
			isa = PBXGroup;
			children = (
				BB373757288D71CF0061BD92 /* Manager */,
				BB37375A288D827A0061BD92 /* Model */,
				BB40E084288DF897008DA029 /* View */,
				BB37375F288DACA20061BD92 /* Controller */,
				BB373740288D6A290061BD92 /* AppDelegate.swift */,
				BB373742288D6A290061BD92 /* SceneDelegate.swift */,
				BB37374C288D6A2A0061BD92 /* Assets.xcassets */,
				BB37374E288D6A2A0061BD92 /* LaunchScreen.storyboard */,
				BB373751288D6A2A0061BD92 /* Info.plist */,
				BB373749288D6A290061BD92 /* Flow_test.xcdatamodeld */,
			);
			path = "Flow test";
			sourceTree = "<group>";
		};
		BB373757288D71CF0061BD92 /* Manager */ = {
			isa = PBXGroup;
			children = (
				BBE2CDBE28909E77006B4788 /* CoreDataManager.swift */,
			);
			path = Manager;
			sourceTree = "<group>";
		};
		BB37375A288D827A0061BD92 /* Model */ = {
			isa = PBXGroup;
			children = (
				BB37375B288D82960061BD92 /* UserResponse.swift */,
			);
			path = Model;
			sourceTree = "<group>";
		};
		BB37375F288DACA20061BD92 /* Controller */ = {
			isa = PBXGroup;
			children = (
				BB373744288D6A290061BD92 /* MainView.swift */,
				BB373760288DACBC0061BD92 /* UserListPage.swift */,
				BB836E3E288E133E00BD653F /* UserEditPage.swift */,
			);
			path = Controller;
			sourceTree = "<group>";
		};
		BB40E084288DF897008DA029 /* View */ = {
			isa = PBXGroup;
			children = (
				BB40E085288DF8DE008DA029 /* UserDisplayCell.swift */,
				BBC5C3FA289071F000E1FF29 /* PopUp.swift */,
				BBC5C3FC2890721C00E1FF29 /* PopUp.xib */,
			);
			path = View;
			sourceTree = "<group>";
		};
/* End PBXGroup section */

/* Begin PBXNativeTarget section */
		BB37373C288D6A290061BD92 /* Flow test */ = {
			isa = PBXNativeTarget;
			buildConfigurationList = BB373754288D6A2A0061BD92 /* Build configuration list for PBXNativeTarget "Flow test" */;
			buildPhases = (
				BB373739288D6A290061BD92 /* Sources */,
				BB37373A288D6A290061BD92 /* Frameworks */,
				BB37373B288D6A290061BD92 /* Resources */,
			);
			buildRules = (
			);
			dependencies = (
			);
			name = "Flow test";
			packageProductDependencies = (
				BB40E088288E0222008DA029 /* SDWebImage */,
				BBD61950288E036F00677819 /* SDWebImageMapKit */,
			);
			productName = "Flow test";
			productReference = BB37373D288D6A290061BD92 /* Flow test.app */;
			productType = "com.apple.product-type.application";
		};
/* End PBXNativeTarget section */

/* Begin PBXProject section */
		BB373735288D6A290061BD92 /* Project object */ = {
			isa = PBXProject;
			attributes = {
				BuildIndependentTargetsInParallel = 1;
				LastSwiftUpdateCheck = 1340;
				LastUpgradeCheck = 1340;
				TargetAttributes = {
					BB37373C288D6A290061BD92 = {
						CreatedOnToolsVersion = 13.4;
					};
				};
			};
			buildConfigurationList = BB373738288D6A290061BD92 /* Build configuration list for PBXProject "Flow test" */;
			compatibilityVersion = "Xcode 13.0";
			developmentRegion = en;
			hasScannedForEncodings = 0;
			knownRegions = (
				en,
				Base,
			);
			mainGroup = BB373734288D6A290061BD92;
			packageReferences = (
				BB40E087288E0222008DA029 /* XCRemoteSwiftPackageReference "SDWebImage" */,
				BBD6194F288E036F00677819 /* XCRemoteSwiftPackageReference "SDWebImage" */,
			);
			productRefGroup = BB37373E288D6A290061BD92 /* Products */;
			projectDirPath = "";
			projectRoot = "";
			targets = (
				BB37373C288D6A290061BD92 /* Flow test */,
			);
		};
/* End PBXProject section */

/* Begin PBXResourcesBuildPhase section */
		BB37373B288D6A290061BD92 /* Resources */ = {
			isa = PBXResourcesBuildPhase;
			buildActionMask = 2147483647;
			files = (
				BBC5C3FD2890721C00E1FF29 /* PopUp.xib in Resources */,
				BB373750288D6A2A0061BD92 /* LaunchScreen.storyboard in Resources */,
				BB37374D288D6A2A0061BD92 /* Assets.xcassets in Resources */,
			);
			runOnlyForDeploymentPostprocessing = 0;
		};
/* End PBXResourcesBuildPhase section */

/* Begin PBXSourcesBuildPhase section */
		BB373739288D6A290061BD92 /* Sources */ = {
			isa = PBXSourcesBuildPhase;
			buildActionMask = 2147483647;
			files = (
				BB373745288D6A290061BD92 /* MainView.swift in Sources */,
				BB37374B288D6A290061BD92 /* Flow_test.xcdatamodeld in Sources */,
				BBC5C3FB289071F000E1FF29 /* PopUp.swift in Sources */,
				BB373741288D6A290061BD92 /* AppDelegate.swift in Sources */,
				BBE2CDBF28909E77006B4788 /* CoreDataManager.swift in Sources */,
				BB40E086288DF8DE008DA029 /* UserDisplayCell.swift in Sources */,
				BB373761288DACBC0061BD92 /* UserListPage.swift in Sources */,
				BB836E3F288E133E00BD653F /* UserEditPage.swift in Sources */,
				BB373743288D6A290061BD92 /* SceneDelegate.swift in Sources */,
				BB37375C288D82960061BD92 /* UserResponse.swift in Sources */,
			);
			runOnlyForDeploymentPostprocessing = 0;
		};
/* End PBXSourcesBuildPhase section */

/* Begin PBXVariantGroup section */
		BB37374E288D6A2A0061BD92 /* LaunchScreen.storyboard */ = {
			isa = PBXVariantGroup;
			children = (
				BB37374F288D6A2A0061BD92 /* Base */,
			);
			name = LaunchScreen.storyboard;
			sourceTree = "<group>";
		};
/* End PBXVariantGroup section */

/* Begin XCBuildConfiguration section */
		BB373752288D6A2A0061BD92 /* Debug */ = {
			isa = XCBuildConfiguration;
			buildSettings = {
				ALWAYS_SEARCH_USER_PATHS = NO;
				CLANG_ANALYZER_NONNULL = YES;
				CLANG_ANALYZER_NUMBER_OBJECT_CONVERSION = YES_AGGRESSIVE;
				CLANG_CXX_LANGUAGE_STANDARD = "gnu++17";
				CLANG_ENABLE_MODULES = YES;
				CLANG_ENABLE_OBJC_ARC = YES;
				CLANG_ENABLE_OBJC_WEAK = YES;
				CLANG_WARN_BLOCK_CAPTURE_AUTORELEASING = YES;
				CLANG_WARN_BOOL_CONVERSION = YES;
				CLANG_WARN_COMMA = YES;
				CLANG_WARN_CONSTANT_CONVERSION = YES;
				CLANG_WARN_DEPRECATED_OBJC_IMPLEMENTATIONS = YES;
				CLANG_WARN_DIRECT_OBJC_ISA_USAGE = YES_ERROR;
				CLANG_WARN_DOCUMENTATION_COMMENTS = YES;
				CLANG_WARN_EMPTY_BODY = YES;
				CLANG_WARN_ENUM_CONVERSION = YES;
				CLANG_WARN_INFINITE_RECURSION = YES;
				CLANG_WARN_INT_CONVERSION = YES;
				CLANG_WARN_NON_LITERAL_NULL_CONVERSION = YES;
				CLANG_WARN_OBJC_IMPLICIT_RETAIN_SELF = YES;
				CLANG_WARN_OBJC_LITERAL_CONVERSION = YES;
				CLANG_WARN_OBJC_ROOT_CLASS = YES_ERROR;
				CLANG_WARN_QUOTED_INCLUDE_IN_FRAMEWORK_HEADER = YES;
				CLANG_WARN_RANGE_LOOP_ANALYSIS = YES;
				CLANG_WARN_STRICT_PROTOTYPES = YES;
				CLANG_WARN_SUSPICIOUS_MOVE = YES;
				CLANG_WARN_UNGUARDED_AVAILABILITY = YES_AGGRESSIVE;
				CLANG_WARN_UNREACHABLE_CODE = YES;
				CLANG_WARN__DUPLICATE_METHOD_MATCH = YES;
				COPY_PHASE_STRIP = NO;
				DEBUG_INFORMATION_FORMAT = dwarf;
				ENABLE_STRICT_OBJC_MSGSEND = YES;
				ENABLE_TESTABILITY = YES;
				GCC_C_LANGUAGE_STANDARD = gnu11;
				GCC_DYNAMIC_NO_PIC = NO;
				GCC_NO_COMMON_BLOCKS = YES;
				GCC_OPTIMIZATION_LEVEL = 0;
				GCC_PREPROCESSOR_DEFINITIONS = (
					"DEBUG=1",
					"$(inherited)",
				);
				GCC_WARN_64_TO_32_BIT_CONVERSION = YES;
				GCC_WARN_ABOUT_RETURN_TYPE = YES_ERROR;
				GCC_WARN_UNDECLARED_SELECTOR = YES;
				GCC_WARN_UNINITIALIZED_AUTOS = YES_AGGRESSIVE;
				GCC_WARN_UNUSED_FUNCTION = YES;
				GCC_WARN_UNUSED_VARIABLE = YES;
				IPHONEOS_DEPLOYMENT_TARGET = 15.5;
				MTL_ENABLE_DEBUG_INFO = INCLUDE_SOURCE;
				MTL_FAST_MATH = YES;
				ONLY_ACTIVE_ARCH = YES;
				SDKROOT = iphoneos;
				SWIFT_ACTIVE_COMPILATION_CONDITIONS = DEBUG;
				SWIFT_OPTIMIZATION_LEVEL = "-Onone";
			};
			name = Debug;
		};
		BB373753288D6A2A0061BD92 /* Release */ = {
			isa = XCBuildConfiguration;
			buildSettings = {
				ALWAYS_SEARCH_USER_PATHS = NO;
				CLANG_ANALYZER_NONNULL = YES;
				CLANG_ANALYZER_NUMBER_OBJECT_CONVERSION = YES_AGGRESSIVE;
				CLANG_CXX_LANGUAGE_STANDARD = "gnu++17";
				CLANG_ENABLE_MODULES = YES;
				CLANG_ENABLE_OBJC_ARC = YES;
				CLANG_ENABLE_OBJC_WEAK = YES;
				CLANG_WARN_BLOCK_CAPTURE_AUTORELEASING = YES;
				CLANG_WARN_BOOL_CONVERSION = YES;
				CLANG_WARN_COMMA = YES;
				CLANG_WARN_CONSTANT_CONVERSION = YES;
				CLANG_WARN_DEPRECATED_OBJC_IMPLEMENTATIONS = YES;
				CLANG_WARN_DIRECT_OBJC_ISA_USAGE = YES_ERROR;
				CLANG_WARN_DOCUMENTATION_COMMENTS = YES;
				CLANG_WARN_EMPTY_BODY = YES;
				CLANG_WARN_ENUM_CONVERSION = YES;
				CLANG_WARN_INFINITE_RECURSION = YES;
				CLANG_WARN_INT_CONVERSION = YES;
				CLANG_WARN_NON_LITERAL_NULL_CONVERSION = YES;
				CLANG_WARN_OBJC_IMPLICIT_RETAIN_SELF = YES;
				CLANG_WARN_OBJC_LITERAL_CONVERSION = YES;
				CLANG_WARN_OBJC_ROOT_CLASS = YES_ERROR;
				CLANG_WARN_QUOTED_INCLUDE_IN_FRAMEWORK_HEADER = YES;
				CLANG_WARN_RANGE_LOOP_ANALYSIS = YES;
				CLANG_WARN_STRICT_PROTOTYPES = YES;
				CLANG_WARN_SUSPICIOUS_MOVE = YES;
				CLANG_WARN_UNGUARDED_AVAILABILITY = YES_AGGRESSIVE;
				CLANG_WARN_UNREACHABLE_CODE = YES;
				CLANG_WARN__DUPLICATE_METHOD_MATCH = YES;
				COPY_PHASE_STRIP = NO;
				DEBUG_INFORMATION_FORMAT = "dwarf-with-dsym";
				ENABLE_NS_ASSERTIONS = NO;
				ENABLE_STRICT_OBJC_MSGSEND = YES;
				GCC_C_LANGUAGE_STANDARD = gnu11;
				GCC_NO_COMMON_BLOCKS = YES;
				GCC_WARN_64_TO_32_BIT_CONVERSION = YES;
				GCC_WARN_ABOUT_RETURN_TYPE = YES_ERROR;
				GCC_WARN_UNDECLARED_SELECTOR = YES;
				GCC_WARN_UNINITIALIZED_AUTOS = YES_AGGRESSIVE;
				GCC_WARN_UNUSED_FUNCTION = YES;
				GCC_WARN_UNUSED_VARIABLE = YES;
				IPHONEOS_DEPLOYMENT_TARGET = 15.5;
				MTL_ENABLE_DEBUG_INFO = NO;
				MTL_FAST_MATH = YES;
				SDKROOT = iphoneos;
				SWIFT_COMPILATION_MODE = wholemodule;
				SWIFT_OPTIMIZATION_LEVEL = "-O";
				VALIDATE_PRODUCT = YES;
			};
			name = Release;
		};
		BB373755288D6A2A0061BD92 /* Debug */ = {
			isa = XCBuildConfiguration;
			buildSettings = {
				ASSETCATALOG_COMPILER_APPICON_NAME = AppIcon;
				ASSETCATALOG_COMPILER_GLOBAL_ACCENT_COLOR_NAME = AccentColor;
				CODE_SIGN_STYLE = Automatic;
				CURRENT_PROJECT_VERSION = 1;
				GENERATE_INFOPLIST_FILE = YES;
				INFOPLIST_FILE = "Flow test/Info.plist";
				INFOPLIST_KEY_UIApplicationSupportsIndirectInputEvents = YES;
				INFOPLIST_KEY_UILaunchStoryboardName = LaunchScreen;
				INFOPLIST_KEY_UISupportedInterfaceOrientations_iPad = "UIInterfaceOrientationPortrait UIInterfaceOrientationPortraitUpsideDown UIInterfaceOrientationLandscapeLeft UIInterfaceOrientationLandscapeRight";
				INFOPLIST_KEY_UISupportedInterfaceOrientations_iPhone = "UIInterfaceOrientationPortrait UIInterfaceOrientationLandscapeLeft UIInterfaceOrientationLandscapeRight";
				LD_RUNPATH_SEARCH_PATHS = (
					"$(inherited)",
					"@executable_path/Frameworks",
				);
				MARKETING_VERSION = 1.0;
				PRODUCT_BUNDLE_IDENTIFIER = "work.Flow-test";
				PRODUCT_NAME = "$(TARGET_NAME)";
				SWIFT_EMIT_LOC_STRINGS = YES;
				SWIFT_VERSION = 5.0;
				TARGETED_DEVICE_FAMILY = "1,2";
			};
			name = Debug;
		};
		BB373756288D6A2A0061BD92 /* Release */ = {
			isa = XCBuildConfiguration;
			buildSettings = {
				ASSETCATALOG_COMPILER_APPICON_NAME = AppIcon;
				ASSETCATALOG_COMPILER_GLOBAL_ACCENT_COLOR_NAME = AccentColor;
				CODE_SIGN_STYLE = Automatic;
				CURRENT_PROJECT_VERSION = 1;
				GENERATE_INFOPLIST_FILE = YES;
				INFOPLIST_FILE = "Flow test/Info.plist";
				INFOPLIST_KEY_UIApplicationSupportsIndirectInputEvents = YES;
				INFOPLIST_KEY_UILaunchStoryboardName = LaunchScreen;
				INFOPLIST_KEY_UISupportedInterfaceOrientations_iPad = "UIInterfaceOrientationPortrait UIInterfaceOrientationPortraitUpsideDown UIInterfaceOrientationLandscapeLeft UIInterfaceOrientationLandscapeRight";
				INFOPLIST_KEY_UISupportedInterfaceOrientations_iPhone = "UIInterfaceOrientationPortrait UIInterfaceOrientationLandscapeLeft UIInterfaceOrientationLandscapeRight";
				LD_RUNPATH_SEARCH_PATHS = (
					"$(inherited)",
					"@executable_path/Frameworks",
				);
				MARKETING_VERSION = 1.0;
				PRODUCT_BUNDLE_IDENTIFIER = "work.Flow-test";
				PRODUCT_NAME = "$(TARGET_NAME)";
				SWIFT_EMIT_LOC_STRINGS = YES;
				SWIFT_VERSION = 5.0;
				TARGETED_DEVICE_FAMILY = "1,2";
			};
			name = Release;
		};
/* End XCBuildConfiguration section */

/* Begin XCConfigurationList section */
		BB373738288D6A290061BD92 /* Build configuration list for PBXProject "Flow test" */ = {
			isa = XCConfigurationList;
			buildConfigurations = (
				BB373752288D6A2A0061BD92 /* Debug */,
				BB373753288D6A2A0061BD92 /* Release */,
			);
			defaultConfigurationIsVisible = 0;
			defaultConfigurationName = Release;
		};
		BB373754288D6A2A0061BD92 /* Build configuration list for PBXNativeTarget "Flow test" */ = {
			isa = XCConfigurationList;
			buildConfigurations = (
				BB373755288D6A2A0061BD92 /* Debug */,
				BB373756288D6A2A0061BD92 /* Release */,
			);
			defaultConfigurationIsVisible = 0;
			defaultConfigurationName = Release;
		};
/* End XCConfigurationList section */

/* Begin XCRemoteSwiftPackageReference section */
		BB40E087288E0222008DA029 /* XCRemoteSwiftPackageReference "SDWebImage" */ = {
			isa = XCRemoteSwiftPackageReference;
			repositoryURL = "https://github.com/SDWebImage/SDWebImage.git";
			requirement = {
				branch = master;
				kind = branch;
			};
		};
		BBD6194F288E036F00677819 /* XCRemoteSwiftPackageReference "SDWebImage" */ = {
			isa = XCRemoteSwiftPackageReference;
			repositoryURL = "https://github.com/SDWebImage/SDWebImage.git";
			requirement = {
				branch = master;
				kind = branch;
			};
		};
/* End XCRemoteSwiftPackageReference section */

/* Begin XCSwiftPackageProductDependency section */
		BB40E088288E0222008DA029 /* SDWebImage */ = {
			isa = XCSwiftPackageProductDependency;
			package = BB40E087288E0222008DA029 /* XCRemoteSwiftPackageReference "SDWebImage" */;
			productName = SDWebImage;
		};
		BBD61950288E036F00677819 /* SDWebImageMapKit */ = {
			isa = XCSwiftPackageProductDependency;
			package = BB40E087288E0222008DA029 /* XCRemoteSwiftPackageReference "SDWebImage" */;
			productName = SDWebImageMapKit;
		};
/* End XCSwiftPackageProductDependency section */

/* Begin XCVersionGroup section */
		BB373749288D6A290061BD92 /* Flow_test.xcdatamodeld */ = {
			isa = XCVersionGroup;
			children = (
				BB37374A288D6A290061BD92 /* Flow_test.xcdatamodel */,
			);
			currentVersion = BB37374A288D6A290061BD92 /* Flow_test.xcdatamodel */;
			path = Flow_test.xcdatamodeld;
			sourceTree = "<group>";
			versionGroupType = wrapper.xcdatamodel;
		};
/* End XCVersionGroup section */
	};
	rootObject = BB373735288D6A290061BD92 /* Project object */;
}
